
Microsoft Visual Studio Solution File, Format Version 12.00
# Visual Studio 2013
VisualStudioVersion = 12.0.31101.0
MinimumVisualStudioVersion = 10.0.40219.1
Project("{FAE04EC0-301F-11D3-BF4B-00C04F79EFBC}") = "MSCS_MVC", "MSCS_MVC\MSCS_MVC.csproj", "{93CE3393-DF3B-404A-B722-619F66A1B2DF}"
EndProject
Project("{2150E333-8FDC-42A3-9474-1A3956D46DE8}") = "PublishScripts", "PublishScripts", "{145F9761-4714-4723-84BE-CB1898B46B9F}"
	ProjectSection(SolutionItems) = preProject
		PublishScripts\AzureWebsitePublishModule.psm1 = PublishScripts\AzureWebsitePublishModule.psm1
		PublishScripts\Publish-WebApplicationWebsite.ps1 = PublishScripts\Publish-WebApplicationWebsite.ps1
	EndProjectSection
EndProject
Project("{2150E333-8FDC-42A3-9474-1A3956D46DE8}") = "Configurations", "Configurations", "{86491BD4-4B50-4BC1-B737-39A3445FD1FE}"
	ProjectSection(SolutionItems) = preProject
		PublishScripts\Configurations\MSCSMVC-WAWS-dev.json = PublishScripts\Configurations\MSCSMVC-WAWS-dev.json
	EndProjectSection
EndProject
Global
	GlobalSection(SolutionConfigurationPlatforms) = preSolution
		Debug|Any CPU = Debug|Any CPU
		Release|Any CPU = Release|Any CPU
	EndGlobalSection
	GlobalSection(ProjectConfigurationPlatforms) = postSolution
		{93CE3393-DF3B-404A-B722-619F66A1B2DF}.Debug|Any CPU.ActiveCfg = Debug|Any CPU
		{93CE3393-DF3B-404A-B722-619F66A1B2DF}.Debug|Any CPU.Build.0 = Debug|Any CPU
		{93CE3393-DF3B-404A-B722-619F66A1B2DF}.Release|Any CPU.ActiveCfg = Release|Any CPU
		{93CE3393-DF3B-404A-B722-619F66A1B2DF}.Release|Any CPU.Build.0 = Release|Any CPU
	EndGlobalSection
	GlobalSection(SolutionProperties) = preSolution
		HideSolutionNode = FALSE
	EndGlobalSection
	GlobalSection(NestedProjects) = preSolution
		{86491BD4-4B50-4BC1-B737-39A3445FD1FE} = {145F9761-4714-4723-84BE-CB1898B46B9F}
	EndGlobalSection
EndGlobal
